
Microsoft Visual Studio Solution File, Format Version 12.00
# Visual Studio 15
VisualStudioVersion = 15.0.26730.15
MinimumVisualStudioVersion = 10.0.40219.1
Project("{FAE04EC0-301F-11D3-BF4B-00C04F79EFBC}") = "SCPS", "SPCS\SCPS.csproj", "{72EDD14B-3327-4930-ACB3-473AF4A6745F}"
EndProject
Global
	GlobalSection(SolutionConfigurationPlatforms) = preSolution
		Debug|Any CPU = Debug|Any CPU
		Release|Any CPU = Release|Any CPU
	EndGlobalSection
	GlobalSection(ProjectConfigurationPlatforms) = postSolution
		{72EDD14B-3327-4930-ACB3-473AF4A6745F}.Debug|Any CPU.ActiveCfg = Debug|Any CPU
		{72EDD14B-3327-4930-ACB3-473AF4A6745F}.Debug|Any CPU.Build.0 = Debug|Any CPU
		{72EDD14B-3327-4930-ACB3-473AF4A6745F}.Release|Any CPU.ActiveCfg = Release|Any CPU
		{72EDD14B-3327-4930-ACB3-473AF4A6745F}.Release|Any CPU.Build.0 = Release|Any CPU
	EndGlobalSection
	GlobalSection(SolutionProperties) = preSolution
		HideSolutionNode = FALSE
	EndGlobalSection
	GlobalSection(ExtensibilityGlobals) = postSolution
		SolutionGuid = {0B4504E5-55A5-4285-AA65-85B855E74A6D}
	EndGlobalSection
EndGlobal
